
Microsoft Visual Studio Solution File, Format Version 12.00
# Visual Studio Version 17
VisualStudioVersion = 17.4.33213.308
MinimumVisualStudioVersion = 10.0.40219.1
Project("{888888A0-9F3D-457C-B088-3A5042F75D52}") = "Down_to_zero", "Down_to_zero\Down_to_zero.pyproj", "{EC3F5966-A9C0-4B00-819A-9494275D5FD5}"
EndProject
Global
	GlobalSection(SolutionConfigurationPlatforms) = preSolution
		Debug|Any CPU = Debug|Any CPU
		Release|Any CPU = Release|Any CPU
	EndGlobalSection
	GlobalSection(ProjectConfigurationPlatforms) = postSolution
		{EC3F5966-A9C0-4B00-819A-9494275D5FD5}.Debug|Any CPU.ActiveCfg = Debug|Any CPU
		{EC3F5966-A9C0-4B00-819A-9494275D5FD5}.Release|Any CPU.ActiveCfg = Release|Any CPU
	EndGlobalSection
	GlobalSection(SolutionProperties) = preSolution
		HideSolutionNode = FALSE
	EndGlobalSection
	GlobalSection(ExtensibilityGlobals) = postSolution
		SolutionGuid = {FD46A248-15FC-48C9-A7BC-1ED959C4573B}
	EndGlobalSection
EndGlobal
