
Microsoft Visual Studio Solution File, Format Version 12.00
# Visual Studio Version 17
VisualStudioVersion = 17.4.33213.308
MinimumVisualStudioVersion = 10.0.40219.1
Project("{888888A0-9F3D-457C-B088-3A5042F75D52}") = "HW_AIO", "HW_AIO\HW_AIO.pyproj", "{2BDE4F9B-0422-408A-B084-358E166E5C54}"
EndProject
Global
	GlobalSection(SolutionConfigurationPlatforms) = preSolution
		Debug|Any CPU = Debug|Any CPU
		Release|Any CPU = Release|Any CPU
	EndGlobalSection
	GlobalSection(ProjectConfigurationPlatforms) = postSolution
		{2BDE4F9B-0422-408A-B084-358E166E5C54}.Debug|Any CPU.ActiveCfg = Debug|Any CPU
		{2BDE4F9B-0422-408A-B084-358E166E5C54}.Release|Any CPU.ActiveCfg = Release|Any CPU
	EndGlobalSection
	GlobalSection(SolutionProperties) = preSolution
		HideSolutionNode = FALSE
	EndGlobalSection
	GlobalSection(ExtensibilityGlobals) = postSolution
		SolutionGuid = {E66D4DFC-A393-4679-917C-E1945CDD4AE3}
	EndGlobalSection
EndGlobal
